{
  "projects": [
    {
      "projectId": "r3ASNrnyvLLLAtDvzUioQ",
      "version": "4.8.0",
      "dependencies": {},
      "lang": "js",
      "fileLocks": [
        {
          "assetId": "r3ASNrnyvLLLAtDvzUioQ",
          "type": "projectCss",
          "checksum": "1c02168c6b23256606111fdfdbb63549"
        }
      ],
      "codegenVersion": "0.0.1"
    },
    {
      "projectId": "vqeFwpZFQ6buChy6T9PGwQ",
      "version": "0.12.0",
      "dependencies": {},
      "lang": "js",
      "fileLocks": [
        {
          "assetId": "vqeFwpZFQ6buChy6T9PGwQ",
          "type": "projectCss",
          "checksum": "1c02168c6b23256606111fdfdbb63549"
        }
      ],
      "codegenVersion": "0.0.1"
    },
    {
      "projectId": "caTPwKxj5ZrD9LQ7DMdK4Z",
      "version": "3.40.0",
      "dependencies": {},
      "lang": "js",
      "fileLocks": [
        {
          "assetId": "caTPwKxj5ZrD9LQ7DMdK4Z",
          "type": "projectCss",
          "checksum": "1c02168c6b23256606111fdfdbb63549"
        }
      ],
      "codegenVersion": "0.0.1"
    },
    {
      "projectId": "gmeH6XgPaBtkt51HunAo4g",
      "version": "18.16.0",
      "dependencies": {},
      "lang": "js",
      "fileLocks": [
        {
          "assetId": "gmeH6XgPaBtkt51HunAo4g",
          "type": "projectCss",
          "checksum": "1c02168c6b23256606111fdfdbb63549"
        }
      ],
      "codegenVersion": "0.0.1"
    },
    {
      "projectId": "jsfcAvrT2gX1xBNiQzA5u6",
      "version": "latest",
      "dependencies": {
        "gmeH6XgPaBtkt51HunAo4g": "18.16.0",
        "caTPwKxj5ZrD9LQ7DMdK4Z": "3.40.0",
        "vqeFwpZFQ6buChy6T9PGwQ": "0.12.0",
        "r3ASNrnyvLLLAtDvzUioQ": "4.8.0",
        "ohDidvG9XsCeFumugENU3J": "6.29.0"
      },
      "lang": "js",
      "fileLocks": [
        {
          "type": "globalVariant",
          "assetId": "UMynEYiJJ9bh",
          "checksum": "983e02bf223833b8bbe82b69f3639f86"
        },
        {
          "type": "renderModule",
          "assetId": "C6K2rGWyZuIT",
          "checksum": "1c1bf4adb7f9c08ccd1ec91babbc2b52"
        },
        {
          "type": "cssRules",
          "assetId": "C6K2rGWyZuIT",
          "checksum": "1c1bf4adb7f9c08ccd1ec91babbc2b52"
        },
        {
          "type": "renderModule",
          "assetId": "BLHcctsmi76m",
          "checksum": "3ba4df539f6fcd1d7c4bd3490587dd72"
        },
        {
          "type": "cssRules",
          "assetId": "BLHcctsmi76m",
          "checksum": "3ba4df539f6fcd1d7c4bd3490587dd72"
        },
        {
          "type": "renderModule",
          "assetId": "fY8LqW-ubk-r",
          "checksum": "297d6c8253fc6e02363416f9b85a9482"
        },
        {
          "type": "cssRules",
          "assetId": "fY8LqW-ubk-r",
          "checksum": "297d6c8253fc6e02363416f9b85a9482"
        },
        {
          "type": "renderModule",
          "assetId": "4owPQkfsxPCL",
          "checksum": "45912a680fd2ba338cf9779ea3230007"
        },
        {
          "type": "cssRules",
          "assetId": "4owPQkfsxPCL",
          "checksum": "45912a680fd2ba338cf9779ea3230007"
        },
        {
          "type": "renderModule",
          "assetId": "EJWfBAiUq7zB",
          "checksum": "e8e2046ec515e455d6f98f633b55c956"
        },
        {
          "type": "cssRules",
          "assetId": "EJWfBAiUq7zB",
          "checksum": "e8e2046ec515e455d6f98f633b55c956"
        },
        {
          "type": "renderModule",
          "assetId": "6E8e5cLFNHAf",
          "checksum": "4e43a1e1de51533f565e394fc270a852"
        },
        {
          "type": "cssRules",
          "assetId": "6E8e5cLFNHAf",
          "checksum": "4e43a1e1de51533f565e394fc270a852"
        },
        {
          "type": "renderModule",
          "assetId": "2jrz3M66yf_A",
          "checksum": "0e3c5b499d36fbb13375b04b3cde7ebe"
        },
        {
          "type": "cssRules",
          "assetId": "2jrz3M66yf_A",
          "checksum": "0e3c5b499d36fbb13375b04b3cde7ebe"
        },
        {
          "type": "renderModule",
          "assetId": "pwvQDDVlpmry",
          "checksum": "62a79fca72f213afdc606f216036e249"
        },
        {
          "type": "cssRules",
          "assetId": "pwvQDDVlpmry",
          "checksum": "62a79fca72f213afdc606f216036e249"
        },
        {
          "type": "renderModule",
          "assetId": "Wi8tbI9LS6ro",
          "checksum": "50b17bb51729409e3d95ec0090be5ddc"
        },
        {
          "type": "cssRules",
          "assetId": "Wi8tbI9LS6ro",
          "checksum": "50b17bb51729409e3d95ec0090be5ddc"
        },
        {
          "type": "renderModule",
          "assetId": "28GQJka9LYVK",
          "checksum": "6debad8d4a0fa560d7fdeb90d0834287"
        },
        {
          "type": "cssRules",
          "assetId": "28GQJka9LYVK",
          "checksum": "6debad8d4a0fa560d7fdeb90d0834287"
        },
        {
          "type": "renderModule",
          "assetId": "oVDnvLHcy-3j",
          "checksum": "7e65e4a227a70a49f6a8ad4b4ef1232a"
        },
        {
          "type": "cssRules",
          "assetId": "oVDnvLHcy-3j",
          "checksum": "7e65e4a227a70a49f6a8ad4b4ef1232a"
        },
        {
          "type": "renderModule",
          "assetId": "vZnOVrIplQFM",
          "checksum": "86f2bf27ba2c51219418b8c3414c71f8"
        },
        {
          "type": "cssRules",
          "assetId": "vZnOVrIplQFM",
          "checksum": "86f2bf27ba2c51219418b8c3414c71f8"
        },
        {
          "type": "renderModule",
          "assetId": "VHlqwbd1xNtT",
          "checksum": "4c1f5b698980e67236eed0e26f86acbd"
        },
        {
          "type": "cssRules",
          "assetId": "VHlqwbd1xNtT",
          "checksum": "4c1f5b698980e67236eed0e26f86acbd"
        },
        {
          "type": "renderModule",
          "assetId": "QmPEz7yxUH77",
          "checksum": "2a307bae58df3b1a31fd1544dd2d4ba4"
        },
        {
          "type": "cssRules",
          "assetId": "QmPEz7yxUH77",
          "checksum": "2a307bae58df3b1a31fd1544dd2d4ba4"
        },
        {
          "type": "renderModule",
          "assetId": "-mgESBaDj_0u",
          "checksum": "348edce1021a815fd1f1eb5d056a42a6"
        },
        {
          "type": "cssRules",
          "assetId": "-mgESBaDj_0u",
          "checksum": "348edce1021a815fd1f1eb5d056a42a6"
        },
        {
          "type": "renderModule",
          "assetId": "q0scRnaNoL9o",
          "checksum": "04698451780ea8b9c3db859aaf6bdb71"
        },
        {
          "type": "cssRules",
          "assetId": "q0scRnaNoL9o",
          "checksum": "04698451780ea8b9c3db859aaf6bdb71"
        },
        {
          "type": "renderModule",
          "assetId": "RWeJsPZNFSBM",
          "checksum": "4117a8b238d7948cc1bd47fa533bc191"
        },
        {
          "type": "cssRules",
          "assetId": "RWeJsPZNFSBM",
          "checksum": "4117a8b238d7948cc1bd47fa533bc191"
        },
        {
          "type": "renderModule",
          "assetId": "XrGW2eRmEf-_",
          "checksum": "de3246226040bb79969d150509c32ec9"
        },
        {
          "type": "cssRules",
          "assetId": "XrGW2eRmEf-_",
          "checksum": "de3246226040bb79969d150509c32ec9"
        },
        {
          "type": "renderModule",
          "assetId": "N1ccNZ3hCLA3",
          "checksum": "c1df5123fd4b201ca44459fecdfe103a"
        },
        {
          "type": "cssRules",
          "assetId": "N1ccNZ3hCLA3",
          "checksum": "c1df5123fd4b201ca44459fecdfe103a"
        },
        {
          "type": "renderModule",
          "assetId": "GFn_fXWRcRz7",
          "checksum": "908f7818a17a009addc19fe1ed19cace"
        },
        {
          "type": "cssRules",
          "assetId": "GFn_fXWRcRz7",
          "checksum": "908f7818a17a009addc19fe1ed19cace"
        },
        {
          "type": "renderModule",
          "assetId": "IDUqI6AYdurP",
          "checksum": "fde18bd6c54ac835c5a5e3dbf53cd077"
        },
        {
          "type": "cssRules",
          "assetId": "IDUqI6AYdurP",
          "checksum": "fde18bd6c54ac835c5a5e3dbf53cd077"
        },
        {
          "type": "renderModule",
          "assetId": "M9ZQL5XXVaTY",
          "checksum": "9d02a774cfc3d37996ef76960e32d883"
        },
        {
          "type": "cssRules",
          "assetId": "M9ZQL5XXVaTY",
          "checksum": "9d02a774cfc3d37996ef76960e32d883"
        },
        {
          "type": "renderModule",
          "assetId": "hlRZUksCEcpq",
          "checksum": "8412058c3666ea1b02e489b94e659957"
        },
        {
          "type": "cssRules",
          "assetId": "hlRZUksCEcpq",
          "checksum": "8412058c3666ea1b02e489b94e659957"
        },
        {
          "type": "renderModule",
          "assetId": "WM0KPCzJQ-5V",
          "checksum": "bf160fb4524deeb4f5a7f25fe5acef55"
        },
        {
          "type": "cssRules",
          "assetId": "WM0KPCzJQ-5V",
          "checksum": "bf160fb4524deeb4f5a7f25fe5acef55"
        },
        {
          "type": "renderModule",
          "assetId": "7yoTYoHITeUG",
          "checksum": "1dd92abcbf8b6e3310b0c99508b87b55"
        },
        {
          "type": "cssRules",
          "assetId": "7yoTYoHITeUG",
          "checksum": "1dd92abcbf8b6e3310b0c99508b87b55"
        },
        {
          "type": "renderModule",
          "assetId": "AxlaSEv1IwSd",
          "checksum": "6013826eb254bbf6bfd31c4b7ed4e86e"
        },
        {
          "type": "cssRules",
          "assetId": "AxlaSEv1IwSd",
          "checksum": "6013826eb254bbf6bfd31c4b7ed4e86e"
        },
        {
          "type": "renderModule",
          "assetId": "vfLBrX0fe4mB",
          "checksum": "ec038ec27f1e2998046aa010ff6c030a"
        },
        {
          "type": "cssRules",
          "assetId": "vfLBrX0fe4mB",
          "checksum": "ec038ec27f1e2998046aa010ff6c030a"
        },
        {
          "type": "renderModule",
          "assetId": "B4eyTs7tQqIU",
          "checksum": "560ec5e4b340d29ea65bb6842fe37978"
        },
        {
          "type": "cssRules",
          "assetId": "B4eyTs7tQqIU",
          "checksum": "560ec5e4b340d29ea65bb6842fe37978"
        },
        {
          "type": "icon",
          "assetId": "VwU3O0G3-lKQ",
          "checksum": "4f271e0eb25072912a2625add4286710"
        },
        {
          "type": "icon",
          "assetId": "neS0HFxi-V2l",
          "checksum": "e1b0e8d2c3ca1ff8b9c42e4e70028660"
        },
        {
          "type": "icon",
          "assetId": "5UHxmiz-zaEZ",
          "checksum": "83578fdda14bca7480827842696f1cc2"
        },
        {
          "type": "icon",
          "assetId": "4L3aB5g1WovC",
          "checksum": "b9048cf51f6897b1182d1d1456ff26fe"
        },
        {
          "type": "icon",
          "assetId": "z3P5HMBzjv0r",
          "checksum": "f7c1af95c1a7e973470802fb5a3e1472"
        },
        {
          "type": "icon",
          "assetId": "mw0KUmP-nQOI",
          "checksum": "f9beb44b50d86c66c69312f76d5d1506"
        },
        {
          "type": "icon",
          "assetId": "GOaTWnjAywsc",
          "checksum": "59c995d1b1fdd39e7190f9d52c3d60dd"
        },
        {
          "type": "image",
          "assetId": "Zl2hQtjpqel6",
          "checksum": "93ccb0f8758631ff48c8c84fba12f524"
        },
        {
          "type": "image",
          "assetId": "x_xcCFPd8u_D",
          "checksum": "af6f6feeded4fb0998bd92faaf750527"
        },
        {
          "type": "image",
          "assetId": "oNjHwxqMCrul",
          "checksum": "b1d3717e66b3e94f131c1a5e46c5721e"
        },
        {
          "type": "image",
          "assetId": "fZLnVG-RK138",
          "checksum": "96081ebde8d5d4f5fcdc401e16c5030b"
        },
        {
          "type": "image",
          "assetId": "qHx5P7HbJgXx",
          "checksum": "f511c768d3162252041e49262180c60a"
        },
        {
          "type": "image",
          "assetId": "c3NBN6Pft7yB",
          "checksum": "68918a1762909af213920c08843006bf"
        },
        {
          "type": "image",
          "assetId": "_cu20_BBoJqM",
          "checksum": "66050b379200aa3344b7e5387fc05fea"
        },
        {
          "type": "image",
          "assetId": "4q6vJu1GYdFi",
          "checksum": "435993ac9bc750f9a3e5606b7b5bfba7"
        },
        {
          "type": "image",
          "assetId": "0xEoK8Qze6yD",
          "checksum": "bbd27e03b26ef590fa645c3ef3c7089c"
        },
        {
          "type": "image",
          "assetId": "6dNAVc8d4oN2",
          "checksum": "d3b24fb87705a503e900c4633a916618"
        },
        {
          "type": "image",
          "assetId": "DCFNxUpZe1Ta",
          "checksum": "fab5327637ad274332b280f3e4dd2a05"
        },
        {
          "type": "image",
          "assetId": "Fou7y9b8VqCk",
          "checksum": "bcd4d87d67e88a7949e8d8f3aef6e7d1"
        },
        {
          "type": "image",
          "assetId": "94eq7pH0jR_V",
          "checksum": "27f6a9e33c7b3a3b649244bb8ad08eca"
        },
        {
          "type": "image",
          "assetId": "wsk6FWR-CpFT",
          "checksum": "e60b4cdfcdd882988e3cc7ef4d5c2008"
        },
        {
          "type": "image",
          "assetId": "g_J7Ua9qv4s8",
          "checksum": "96dca162262c084309a69e0b2b168aef"
        },
        {
          "type": "image",
          "assetId": "NDtgZR1BdcHG",
          "checksum": "7b5d3a9c198e2be5f82d21bf9341afca"
        },
        {
          "type": "image",
          "assetId": "hSEmVPHC68KF",
          "checksum": "1d51972d9cb321c71b7a3774d35bf823"
        },
        {
          "assetId": "jsfcAvrT2gX1xBNiQzA5u6",
          "checksum": "2382510eee2754d2c3ba61dfc371de01",
          "type": "globalContexts"
        },
        {
          "type": "renderModule",
          "assetId": "QZa7Jb0w3J50",
          "checksum": "7dbbeb140d047273ef640bc2eecc5353"
        },
        {
          "type": "cssRules",
          "assetId": "QZa7Jb0w3J50",
          "checksum": "7dbbeb140d047273ef640bc2eecc5353"
        },
        {
          "assetId": "jsfcAvrT2gX1xBNiQzA5u6",
          "type": "projectCss",
          "checksum": "1e97fb1639604b77f6ce63cd5fd09b9f"
        }
      ],
      "codegenVersion": "0.0.1"
    },
    {
      "projectId": "ohDidvG9XsCeFumugENU3J",
      "version": "6.29.0",
      "dependencies": {},
      "lang": "js",
      "fileLocks": [
        {
          "assetId": "ohDidvG9XsCeFumugENU3J",
          "type": "projectCss",
          "checksum": "ba2a60a163fca4f4d510275088a2be53"
        },
        {
          "assetId": "ohDidvG9XsCeFumugENU3J",
          "checksum": "f9cc098ce5640eefe7d9edb8470a210c",
          "type": "globalContexts"
        }
      ],
      "codegenVersion": "0.0.1"
    }
  ],
  "cliVersion": "0.1.337"
}
