{
  "projects": [
    {
      "projectId": "r3ASNrnyvLLLAtDvzUioQ",
      "version": "4.8.0",
      "dependencies": {},
      "lang": "js",
      "fileLocks": [
        {
          "assetId": "r3ASNrnyvLLLAtDvzUioQ",
          "type": "projectCss",
          "checksum": "1c02168c6b23256606111fdfdbb63549"
        }
      ],
      "codegenVersion": "0.0.1"
    },
    {
      "projectId": "vqeFwpZFQ6buChy6T9PGwQ",
      "version": "0.12.0",
      "dependencies": {},
      "lang": "js",
      "fileLocks": [
        {
          "assetId": "vqeFwpZFQ6buChy6T9PGwQ",
          "type": "projectCss",
          "checksum": "1c02168c6b23256606111fdfdbb63549"
        }
      ],
      "codegenVersion": "0.0.1"
    },
    {
      "projectId": "caTPwKxj5ZrD9LQ7DMdK4Z",
      "version": "3.40.0",
      "dependencies": {},
      "lang": "js",
      "fileLocks": [
        {
          "assetId": "caTPwKxj5ZrD9LQ7DMdK4Z",
          "type": "projectCss",
          "checksum": "1c02168c6b23256606111fdfdbb63549"
        }
      ],
      "codegenVersion": "0.0.1"
    },
    {
      "projectId": "gmeH6XgPaBtkt51HunAo4g",
      "version": "18.15.0",
      "dependencies": {},
      "lang": "js",
      "fileLocks": [
        {
          "assetId": "gmeH6XgPaBtkt51HunAo4g",
          "type": "projectCss",
          "checksum": "1c02168c6b23256606111fdfdbb63549"
        }
      ],
      "codegenVersion": "0.0.1"
    },
    {
      "projectId": "jsfcAvrT2gX1xBNiQzA5u6",
      "version": "latest",
      "dependencies": {
        "gmeH6XgPaBtkt51HunAo4g": "18.15.0",
        "caTPwKxj5ZrD9LQ7DMdK4Z": "3.40.0",
        "vqeFwpZFQ6buChy6T9PGwQ": "0.12.0",
        "r3ASNrnyvLLLAtDvzUioQ": "4.8.0"
      },
      "lang": "js",
      "fileLocks": [
        {
          "type": "globalVariant",
          "assetId": "UMynEYiJJ9bh",
          "checksum": "983e02bf223833b8bbe82b69f3639f86"
        },
        {
          "type": "renderModule",
          "assetId": "C6K2rGWyZuIT",
          "checksum": "acc19a5b2ea2682fdc7bd7f71365329f"
        },
        {
          "type": "cssRules",
          "assetId": "C6K2rGWyZuIT",
          "checksum": "acc19a5b2ea2682fdc7bd7f71365329f"
        },
        {
          "type": "renderModule",
          "assetId": "BLHcctsmi76m",
          "checksum": "70081c83a6a62b60cb7c51f2b516da4d"
        },
        {
          "type": "cssRules",
          "assetId": "BLHcctsmi76m",
          "checksum": "70081c83a6a62b60cb7c51f2b516da4d"
        },
        {
          "type": "renderModule",
          "assetId": "fY8LqW-ubk-r",
          "checksum": "7016f7b2c179edb660b754086f0f5eea"
        },
        {
          "type": "cssRules",
          "assetId": "fY8LqW-ubk-r",
          "checksum": "7016f7b2c179edb660b754086f0f5eea"
        },
        {
          "type": "renderModule",
          "assetId": "4owPQkfsxPCL",
          "checksum": "9fdf05d91ac48f488ae1872208b6310c"
        },
        {
          "type": "cssRules",
          "assetId": "4owPQkfsxPCL",
          "checksum": "9fdf05d91ac48f488ae1872208b6310c"
        },
        {
          "type": "renderModule",
          "assetId": "EJWfBAiUq7zB",
          "checksum": "2081a4086f48d3062779d73b1504af43"
        },
        {
          "type": "cssRules",
          "assetId": "EJWfBAiUq7zB",
          "checksum": "2081a4086f48d3062779d73b1504af43"
        },
        {
          "type": "renderModule",
          "assetId": "6E8e5cLFNHAf",
          "checksum": "a5a8e38daab1ae71d8f1d33d627686dd"
        },
        {
          "type": "cssRules",
          "assetId": "6E8e5cLFNHAf",
          "checksum": "a5a8e38daab1ae71d8f1d33d627686dd"
        },
        {
          "type": "renderModule",
          "assetId": "2jrz3M66yf_A",
          "checksum": "f84833a016525d0ec1ccc21fccfa4698"
        },
        {
          "type": "cssRules",
          "assetId": "2jrz3M66yf_A",
          "checksum": "f84833a016525d0ec1ccc21fccfa4698"
        },
        {
          "type": "renderModule",
          "assetId": "pwvQDDVlpmry",
          "checksum": "fc20eb09d1646e1dfe2a8c1855ffb8f9"
        },
        {
          "type": "cssRules",
          "assetId": "pwvQDDVlpmry",
          "checksum": "fc20eb09d1646e1dfe2a8c1855ffb8f9"
        },
        {
          "type": "renderModule",
          "assetId": "Wi8tbI9LS6ro",
          "checksum": "ffe0b9a7eace15f27c6f1b651b608ef2"
        },
        {
          "type": "cssRules",
          "assetId": "Wi8tbI9LS6ro",
          "checksum": "ffe0b9a7eace15f27c6f1b651b608ef2"
        },
        {
          "type": "renderModule",
          "assetId": "28GQJka9LYVK",
          "checksum": "b4d456d7ccaa776108b1078d40496802"
        },
        {
          "type": "cssRules",
          "assetId": "28GQJka9LYVK",
          "checksum": "b4d456d7ccaa776108b1078d40496802"
        },
        {
          "type": "renderModule",
          "assetId": "oVDnvLHcy-3j",
          "checksum": "cf9c141b59055dfe7ce844d30d020a3e"
        },
        {
          "type": "cssRules",
          "assetId": "oVDnvLHcy-3j",
          "checksum": "cf9c141b59055dfe7ce844d30d020a3e"
        },
        {
          "type": "renderModule",
          "assetId": "vZnOVrIplQFM",
          "checksum": "23ff09b28af65667d0f2ebfb5a58cef0"
        },
        {
          "type": "cssRules",
          "assetId": "vZnOVrIplQFM",
          "checksum": "23ff09b28af65667d0f2ebfb5a58cef0"
        },
        {
          "type": "renderModule",
          "assetId": "VHlqwbd1xNtT",
          "checksum": "d3863a1dc6c22317678bd29ad9d652d0"
        },
        {
          "type": "cssRules",
          "assetId": "VHlqwbd1xNtT",
          "checksum": "d3863a1dc6c22317678bd29ad9d652d0"
        },
        {
          "type": "renderModule",
          "assetId": "QmPEz7yxUH77",
          "checksum": "c9b0113f9465451e645d624846f406e5"
        },
        {
          "type": "cssRules",
          "assetId": "QmPEz7yxUH77",
          "checksum": "c9b0113f9465451e645d624846f406e5"
        },
        {
          "type": "renderModule",
          "assetId": "-mgESBaDj_0u",
          "checksum": "ef1993b67373c02b0fbd1cf8d0b5cea7"
        },
        {
          "type": "cssRules",
          "assetId": "-mgESBaDj_0u",
          "checksum": "ef1993b67373c02b0fbd1cf8d0b5cea7"
        },
        {
          "type": "renderModule",
          "assetId": "q0scRnaNoL9o",
          "checksum": "19607108861415b199b526e1a5be8a24"
        },
        {
          "type": "cssRules",
          "assetId": "q0scRnaNoL9o",
          "checksum": "19607108861415b199b526e1a5be8a24"
        },
        {
          "type": "renderModule",
          "assetId": "RWeJsPZNFSBM",
          "checksum": "dde108825404f572fc3fa35dfda4fc52"
        },
        {
          "type": "cssRules",
          "assetId": "RWeJsPZNFSBM",
          "checksum": "dde108825404f572fc3fa35dfda4fc52"
        },
        {
          "type": "renderModule",
          "assetId": "XrGW2eRmEf-_",
          "checksum": "6f3908255956ad03c01e7aae3291c5a3"
        },
        {
          "type": "cssRules",
          "assetId": "XrGW2eRmEf-_",
          "checksum": "6f3908255956ad03c01e7aae3291c5a3"
        },
        {
          "type": "renderModule",
          "assetId": "N1ccNZ3hCLA3",
          "checksum": "4b7a17bf87b65e64e24c6ebdcba97a25"
        },
        {
          "type": "cssRules",
          "assetId": "N1ccNZ3hCLA3",
          "checksum": "4b7a17bf87b65e64e24c6ebdcba97a25"
        },
        {
          "type": "renderModule",
          "assetId": "GFn_fXWRcRz7",
          "checksum": "3e7ddaa8f8699fab931d5af5ee8ce977"
        },
        {
          "type": "cssRules",
          "assetId": "GFn_fXWRcRz7",
          "checksum": "3e7ddaa8f8699fab931d5af5ee8ce977"
        },
        {
          "type": "renderModule",
          "assetId": "IDUqI6AYdurP",
          "checksum": "1bfc02940d7cef7f4dbc31fa3fd27ed5"
        },
        {
          "type": "cssRules",
          "assetId": "IDUqI6AYdurP",
          "checksum": "1bfc02940d7cef7f4dbc31fa3fd27ed5"
        },
        {
          "type": "renderModule",
          "assetId": "M9ZQL5XXVaTY",
          "checksum": "fd5c5a3732c6a2aec4ecfabcdd3c2fcf"
        },
        {
          "type": "cssRules",
          "assetId": "M9ZQL5XXVaTY",
          "checksum": "fd5c5a3732c6a2aec4ecfabcdd3c2fcf"
        },
        {
          "type": "renderModule",
          "assetId": "hlRZUksCEcpq",
          "checksum": "f921ce0922449d1ab01a4ba10b6c6ffb"
        },
        {
          "type": "cssRules",
          "assetId": "hlRZUksCEcpq",
          "checksum": "f921ce0922449d1ab01a4ba10b6c6ffb"
        },
        {
          "type": "renderModule",
          "assetId": "WM0KPCzJQ-5V",
          "checksum": "10f8d001a7ac44248de43f87b2ff685a"
        },
        {
          "type": "cssRules",
          "assetId": "WM0KPCzJQ-5V",
          "checksum": "10f8d001a7ac44248de43f87b2ff685a"
        },
        {
          "type": "renderModule",
          "assetId": "7yoTYoHITeUG",
          "checksum": "c0559275cb0f465ca7fbe1f0023732d1"
        },
        {
          "type": "cssRules",
          "assetId": "7yoTYoHITeUG",
          "checksum": "c0559275cb0f465ca7fbe1f0023732d1"
        },
        {
          "type": "renderModule",
          "assetId": "AxlaSEv1IwSd",
          "checksum": "ef287c165e4d5d4c36ebd60f2762f23b"
        },
        {
          "type": "cssRules",
          "assetId": "AxlaSEv1IwSd",
          "checksum": "ef287c165e4d5d4c36ebd60f2762f23b"
        },
        {
          "type": "renderModule",
          "assetId": "vfLBrX0fe4mB",
          "checksum": "3cdd91efe055f44ead10046b335c6a83"
        },
        {
          "type": "cssRules",
          "assetId": "vfLBrX0fe4mB",
          "checksum": "3cdd91efe055f44ead10046b335c6a83"
        },
        {
          "type": "renderModule",
          "assetId": "B4eyTs7tQqIU",
          "checksum": "92e62e602052d6a98d93c059bb6cb900"
        },
        {
          "type": "cssRules",
          "assetId": "B4eyTs7tQqIU",
          "checksum": "92e62e602052d6a98d93c059bb6cb900"
        },
        {
          "type": "icon",
          "assetId": "VwU3O0G3-lKQ",
          "checksum": "4f271e0eb25072912a2625add4286710"
        },
        {
          "type": "icon",
          "assetId": "neS0HFxi-V2l",
          "checksum": "e1b0e8d2c3ca1ff8b9c42e4e70028660"
        },
        {
          "type": "icon",
          "assetId": "5UHxmiz-zaEZ",
          "checksum": "83578fdda14bca7480827842696f1cc2"
        },
        {
          "type": "icon",
          "assetId": "4L3aB5g1WovC",
          "checksum": "b9048cf51f6897b1182d1d1456ff26fe"
        },
        {
          "type": "icon",
          "assetId": "z3P5HMBzjv0r",
          "checksum": "f7c1af95c1a7e973470802fb5a3e1472"
        },
        {
          "type": "icon",
          "assetId": "mw0KUmP-nQOI",
          "checksum": "f9beb44b50d86c66c69312f76d5d1506"
        },
        {
          "type": "icon",
          "assetId": "GOaTWnjAywsc",
          "checksum": "59c995d1b1fdd39e7190f9d52c3d60dd"
        },
        {
          "type": "image",
          "assetId": "Zl2hQtjpqel6",
          "checksum": "93ccb0f8758631ff48c8c84fba12f524"
        },
        {
          "type": "image",
          "assetId": "x_xcCFPd8u_D",
          "checksum": "af6f6feeded4fb0998bd92faaf750527"
        },
        {
          "type": "image",
          "assetId": "oNjHwxqMCrul",
          "checksum": "b1d3717e66b3e94f131c1a5e46c5721e"
        },
        {
          "type": "image",
          "assetId": "fZLnVG-RK138",
          "checksum": "96081ebde8d5d4f5fcdc401e16c5030b"
        },
        {
          "type": "image",
          "assetId": "qHx5P7HbJgXx",
          "checksum": "f511c768d3162252041e49262180c60a"
        },
        {
          "type": "image",
          "assetId": "c3NBN6Pft7yB",
          "checksum": "68918a1762909af213920c08843006bf"
        },
        {
          "type": "image",
          "assetId": "_cu20_BBoJqM",
          "checksum": "66050b379200aa3344b7e5387fc05fea"
        },
        {
          "type": "image",
          "assetId": "4q6vJu1GYdFi",
          "checksum": "435993ac9bc750f9a3e5606b7b5bfba7"
        },
        {
          "type": "image",
          "assetId": "0xEoK8Qze6yD",
          "checksum": "bbd27e03b26ef590fa645c3ef3c7089c"
        },
        {
          "type": "image",
          "assetId": "6dNAVc8d4oN2",
          "checksum": "d3b24fb87705a503e900c4633a916618"
        },
        {
          "type": "image",
          "assetId": "DCFNxUpZe1Ta",
          "checksum": "fab5327637ad274332b280f3e4dd2a05"
        },
        {
          "type": "image",
          "assetId": "Fou7y9b8VqCk",
          "checksum": "bcd4d87d67e88a7949e8d8f3aef6e7d1"
        },
        {
          "type": "image",
          "assetId": "94eq7pH0jR_V",
          "checksum": "27f6a9e33c7b3a3b649244bb8ad08eca"
        },
        {
          "type": "image",
          "assetId": "wsk6FWR-CpFT",
          "checksum": "e60b4cdfcdd882988e3cc7ef4d5c2008"
        },
        {
          "type": "image",
          "assetId": "g_J7Ua9qv4s8",
          "checksum": "96dca162262c084309a69e0b2b168aef"
        },
        {
          "type": "image",
          "assetId": "NDtgZR1BdcHG",
          "checksum": "7b5d3a9c198e2be5f82d21bf9341afca"
        },
        {
          "type": "image",
          "assetId": "hSEmVPHC68KF",
          "checksum": "1d51972d9cb321c71b7a3774d35bf823"
        },
        {
          "assetId": "jsfcAvrT2gX1xBNiQzA5u6",
          "type": "projectCss",
          "checksum": "1e97fb1639604b77f6ce63cd5fd09b9f"
        }
      ],
      "codegenVersion": "0.0.1"
    }
  ],
  "cliVersion": "0.1.337"
}
